
Microsoft Visual Studio Solution File, Format Version 12.00
# Visual Studio Version 17
VisualStudioVersion = 17.11.35312.102
MinimumVisualStudioVersion = 10.0.40219.1
Project("{FAE04EC0-301F-11D3-BF4B-00C04F79EFBC}") = "OrchidPharmed.Core.HiringTask.API", "OrchidPharmed.Core.HiringTask.API\OrchidPharmed.Core.HiringTask.API.csproj", "{92B1FC7C-7B50-4D7E-A8D4-6503341233AB}"
EndProject
Project("{FAE04EC0-301F-11D3-BF4B-00C04F79EFBC}") = "OrchidPharmed.Core.HiringTask.Tests", "OrchidPharmed.Core.HiringTask.Tests\OrchidPharmed.Core.HiringTask.Tests.csproj", "{3C9ECDF9-9C84-4A94-AEF5-899EE90BF4C2}"
EndProject
Global
	GlobalSection(SolutionConfigurationPlatforms) = preSolution
		Debug|Any CPU = Debug|Any CPU
		Release|Any CPU = Release|Any CPU
	EndGlobalSection
	GlobalSection(ProjectConfigurationPlatforms) = postSolution
		{92B1FC7C-7B50-4D7E-A8D4-6503341233AB}.Debug|Any CPU.ActiveCfg = Debug|Any CPU
		{92B1FC7C-7B50-4D7E-A8D4-6503341233AB}.Debug|Any CPU.Build.0 = Debug|Any CPU
		{92B1FC7C-7B50-4D7E-A8D4-6503341233AB}.Release|Any CPU.ActiveCfg = Release|Any CPU
		{92B1FC7C-7B50-4D7E-A8D4-6503341233AB}.Release|Any CPU.Build.0 = Release|Any CPU
		{3C9ECDF9-9C84-4A94-AEF5-899EE90BF4C2}.Debug|Any CPU.ActiveCfg = Debug|Any CPU
		{3C9ECDF9-9C84-4A94-AEF5-899EE90BF4C2}.Debug|Any CPU.Build.0 = Debug|Any CPU
		{3C9ECDF9-9C84-4A94-AEF5-899EE90BF4C2}.Release|Any CPU.ActiveCfg = Release|Any CPU
		{3C9ECDF9-9C84-4A94-AEF5-899EE90BF4C2}.Release|Any CPU.Build.0 = Release|Any CPU
	EndGlobalSection
	GlobalSection(SolutionProperties) = preSolution
		HideSolutionNode = FALSE
	EndGlobalSection
	GlobalSection(ExtensibilityGlobals) = postSolution
		SolutionGuid = {7A67BD67-3BA3-4EAC-9D26-543B51D8E2EE}
	EndGlobalSection
EndGlobal
